
Microsoft Visual Studio Solution File, Format Version 12.00
# Visual Studio Version 17
VisualStudioVersion = 17.13.35828.75
MinimumVisualStudioVersion = 10.0.40219.1
Project("{FAE04EC0-301F-11D3-BF4B-00C04F79EFBC}") = "BreadApp_API", "BreadApp_API\BreadApp_API.csproj", "{EDCDA1AD-AF0F-4AA0-3CAA-E6C2B3E197A2}"
EndProject
Project("{FAE04EC0-301F-11D3-BF4B-00C04F79EFBC}") = "BreadApp_BL", "BreadApp_BL\BreadApp_BL.csproj", "{B30172EE-6029-6590-A71A-47E2DDBB7372}"
EndProject
Project("{FAE04EC0-301F-11D3-BF4B-00C04F79EFBC}") = "BreadApp_DL", "BreadApp_DL\BreadApp_DL.csproj", "{705A6D5C-09ED-46D7-969A-F94BAE576EB8}"
EndProject
Global
	GlobalSection(SolutionConfigurationPlatforms) = preSolution
		Debug|Any CPU = Debug|Any CPU
		Release|Any CPU = Release|Any CPU
	EndGlobalSection
	GlobalSection(ProjectConfigurationPlatforms) = postSolution
		{EDCDA1AD-AF0F-4AA0-3CAA-E6C2B3E197A2}.Debug|Any CPU.ActiveCfg = Debug|Any CPU
		{EDCDA1AD-AF0F-4AA0-3CAA-E6C2B3E197A2}.Debug|Any CPU.Build.0 = Debug|Any CPU
		{EDCDA1AD-AF0F-4AA0-3CAA-E6C2B3E197A2}.Release|Any CPU.ActiveCfg = Release|Any CPU
		{EDCDA1AD-AF0F-4AA0-3CAA-E6C2B3E197A2}.Release|Any CPU.Build.0 = Release|Any CPU
		{B30172EE-6029-6590-A71A-47E2DDBB7372}.Debug|Any CPU.ActiveCfg = Debug|Any CPU
		{B30172EE-6029-6590-A71A-47E2DDBB7372}.Debug|Any CPU.Build.0 = Debug|Any CPU
		{B30172EE-6029-6590-A71A-47E2DDBB7372}.Release|Any CPU.ActiveCfg = Release|Any CPU
		{B30172EE-6029-6590-A71A-47E2DDBB7372}.Release|Any CPU.Build.0 = Release|Any CPU
		{705A6D5C-09ED-46D7-969A-F94BAE576EB8}.Debug|Any CPU.ActiveCfg = Debug|Any CPU
		{705A6D5C-09ED-46D7-969A-F94BAE576EB8}.Debug|Any CPU.Build.0 = Debug|Any CPU
		{705A6D5C-09ED-46D7-969A-F94BAE576EB8}.Release|Any CPU.ActiveCfg = Release|Any CPU
		{705A6D5C-09ED-46D7-969A-F94BAE576EB8}.Release|Any CPU.Build.0 = Release|Any CPU
	EndGlobalSection
	GlobalSection(SolutionProperties) = preSolution
		HideSolutionNode = FALSE
	EndGlobalSection
	GlobalSection(ExtensibilityGlobals) = postSolution
		SolutionGuid = {7964C8F8-6463-4A9E-B959-3DA6E180C657}
	EndGlobalSection
EndGlobal
